PODS:
  - feature (2.0):
    - lame
  - lame (1.2.2)

DEPENDENCIES:
  - feature (from `../muse`)
  - lame

SPEC REPOS:
  trunk:
    - lame

EXTERNAL SOURCES:
  feature:
    :path: "../muse"

SPEC CHECKSUMS:
  feature: 97089842d79226bd725cd876552f13d0c940d5f2
  lame: 40ead9ec43927bcf3700457d96ccc183096c65cc

PODFILE CHECKSUM: c9e001b2dc15c630190332413fc2e6e03a3b03f4

COCOAPODS: 1.16.2
